Microsoft Visual Studio Solution File, Format Version 11.00
# Visual Studio 2010
Project("{FAE04EC0-301F-11D3-BF4B-00C04F79EFBC}") = "Prevent Group Rows from Expanding", "Prevent Group Rows from Expanding\Prevent Group Rows from Expanding.csproj", "{CFC3EBB7-FAF1-4808-8DB5-3C6160361226}"
EndProject
Global
	GlobalSection(SolutionConfigurationPlatforms) = preSolution
		Debug|Any CPU = Debug|Any CPU
		Release|Any CPU = Release|Any CPU
	EndGlobalSection
	GlobalSection(ProjectConfigurationPlatforms) = postSolution
		{CFC3EBB7-FAF1-4808-8DB5-3C6160361226}.Debug|Any CPU.ActiveCfg = Debug|Any CPU
		{CFC3EBB7-FAF1-4808-8DB5-3C6160361226}.Debug|Any CPU.Build.0 = Debug|Any CPU
		{CFC3EBB7-FAF1-4808-8DB5-3C6160361226}.Release|Any CPU.ActiveCfg = Release|Any CPU
		{CFC3EBB7-FAF1-4808-8DB5-3C6160361226}.Release|Any CPU.Build.0 = Release|Any CPU
	EndGlobalSection
	GlobalSection(SolutionProperties) = preSolution
		HideSolutionNode = FALSE
	EndGlobalSection
EndGlobal
